github.com/BurntSushi/toml v0.3.1/go.mod h1:xHWCNGjB5oqiDr8zfno3MHue2Ht5sIBksp03qcyfWMU=
github.com/davecgh/go-spew v1.1.1/go.mod h1:J7Y8YcW2NihsgmVo/mv3lAwl/skON4iLHjSsI+c5H38=
github.com/influxdata/influxdb1-client v0.0.0-20200515024757-02f0bf5dbca3 h1:k3/6a1Shi7GGCp9QpyYuXsMM6ncTOjCzOE9Fd6CDA+Q=
github.com/influxdata/influxdb1-client v0.0.0-20200515024757-02f0bf5dbca3/go.mod h1:qj24IKcXYK6Iy9ceXlo3Tc+vtHo9lIhSX5JddghvEPo=
github.com/martinlindhe/unit v0.0.0-20190604142932-3b6be53d49af h1:4bEyeobv/dO+lT1Qp1hr+/DcNjy6Ob8BDaSrxX6nQsQ=
github.com/martinlindhe/unit v0.0.0-20190604142932-3b6be53d49af/go.mod h1:TfoBMGnmSr50HiDNgz6W6mobVXv1B2VJUO3zUR8b6O4=
github.com/pelletier/go-toml v1.8.0 h1:Keo9qb7iRJs2voHvunFtuuYFsbWeOBh8/P9v/kVMFtw=
github.com/pelletier/go-toml v1.8.0/go.mod h1:D6yutnOGMveHEPV7VQOuvI/gXY61bv+9bAOTRnLElKs=
gopkg.in/check.v1 v0.0.0-20161208181325-20d25e280405/go.mod h1:Co6ibVJAznAaIkqp8huTwlJQCZ016jof/cbN4VW5Yz0=
gopkg.in/yaml.v2 v2.3.0/go.mod h1:hI93XBmqTisBFMUTm0b8Fm+jr3Dg1NNxqwp+5A1VGuI=
